{
  "lockfileVersion": 1,
  "configVersion": 1,
  "workspaces": {
    "": {
      "name": "p04-private-project",
      "dependencies": {
        "p04-trusted-witness": "1.0.0",
      },
    },
  },
  "trustedDependencies": [
    "p04-trusted-witness",
  ],
  "packages": {
    "p04-trusted-witness": ["p04-trusted-witness@1.0.0", "http://127.0.0.1:49807/witness.tgz", {}, "sha512-akrmjMFqLjTO/lxdmbzAgZ1NT0XYY5LcqGd4Ck47sdXvQHfkPOOHSDi3uSbpDMIG+cGx4GHAMasRMPZqTAurzw=="],
  }
}
