{
  "name": "p01-peer-success-root",
  "version": "1.0.0",
  "lockfileVersion": 3,
  "requires": true,
  "packages": {
    "": {
      "name": "p01-peer-success-root",
      "version": "1.0.0",
      "license": "MIT",
      "dependencies": {
        "p01-peer-consumer": "1.0.0",
        "p01-peer-host": "1.0.0"
      }
    },
    "node_modules/p01-peer-consumer": {
      "version": "1.0.0",
      "resolved": "http://127.0.0.1:49787/p01-peer-consumer-1.0.0.tgz",
      "integrity": "sha512-FqVMbI5D0ovlHEJcAV2du8lJjWOTHdx1XkMc+LX7Xi68blhsHTfKmThDBYSVhM/eKLqZRFoaJukAdEGgq7zmTA==",
      "license": "MIT",
      "peerDependencies": {
        "p01-peer-host": ">=2"
      }
    },
    "node_modules/p01-peer-host": {
      "version": "1.0.0",
      "resolved": "http://127.0.0.1:49787/p01-peer-host-1.0.0.tgz",
      "integrity": "sha512-vqdpKr2BWD78If2lkJHhouhBFOkQvH02zCRZc/iFfjwraynzRTGQON6O0n8K0aZ2NszwSYP/WlQE6/Lns9hVJQ==",
      "license": "MIT"
    }
  }
}
