# This file is generated by running "yarn install" inside your project.
# Manual changes might be lost - proceed with caution!

__metadata:
  version: 8
  cacheKey: 10c0

"p03-local@file:/var/folders/lt/z11pyzhj0m17vn798jkk69hh0000gn/T/opencode/p03-yarn-fifb25vb/berry/local::locator=p03-plain%40workspace%3A.":
  version: 1.0.0
  resolution: "p03-local@file:/var/folders/lt/z11pyzhj0m17vn798jkk69hh0000gn/T/opencode/p03-yarn-fifb25vb/berry/local#/var/folders/lt/z11pyzhj0m17vn798jkk69hh0000gn/T/opencode/p03-yarn-fifb25vb/berry/local::hash=212974&locator=p03-plain%40workspace%3A."
  peerDependencies:
    p03-missing-peer: ^2.0.0
  checksum: 10c0/cdfe628a36a09ddac344df30710c769ffecb5219183d4634001c6040e25e097549b22cf893b37064f9b3a996d61a3b21d1d21cfa2716c60d7eb28b20c6d5dfcb
  languageName: node
  linkType: hard

"p03-plain@workspace:.":
  version: 0.0.0-use.local
  resolution: "p03-plain@workspace:."
  dependencies:
    p03-local: "file:/var/folders/lt/z11pyzhj0m17vn798jkk69hh0000gn/T/opencode/p03-yarn-fifb25vb/berry/local"
  languageName: unknown
  linkType: soft
